
Microsoft Visual Studio Solution File, Format Version 12.00
# Visual Studio Version 17
VisualStudioVersion = 17.0.31903.59
MinimumVisualStudioVersion = 10.0.40219.1
Project("{FAE04EC0-301F-11D3-BF4B-00C04F79EFBC}") = "CI-Platform", "CI-Platform\CI-Platform.csproj", "{800A1C71-AE1B-4D58-B492-DB2335779AC6}"
EndProject
Global
	GlobalSection(SolutionConfigurationPlatforms) = preSolution
		Debug|Any CPU = Debug|Any CPU
		Release|Any CPU = Release|Any CPU
	EndGlobalSection
	GlobalSection(ProjectConfigurationPlatforms) = postSolution
		{800A1C71-AE1B-4D58-B492-DB2335779AC6}.Debug|Any CPU.ActiveCfg = Debug|Any CPU
		{800A1C71-AE1B-4D58-B492-DB2335779AC6}.Debug|Any CPU.Build.0 = Debug|Any CPU
		{800A1C71-AE1B-4D58-B492-DB2335779AC6}.Release|Any CPU.ActiveCfg = Release|Any CPU
		{800A1C71-AE1B-4D58-B492-DB2335779AC6}.Release|Any CPU.Build.0 = Release|Any CPU
	EndGlobalSection
	GlobalSection(SolutionProperties) = preSolution
		HideSolutionNode = FALSE
	EndGlobalSection
	GlobalSection(ExtensibilityGlobals) = postSolution
		SolutionGuid = {15C2E80B-89B8-4A0B-A420-50CF50FE0DA4}
	EndGlobalSection
EndGlobal
